// !$*UTF8*$!
{
	archiveVersion = 1;
	classes = {
	};
	objectVersion = 46;
	objects = {

/* Begin PBXBuildFile section */
		7E27CF00175F26D7005438E5 /* IOKit.framework in Frameworks */ = {isa = PBXBuildFile; fileRef = 7E27CEFF175F26D7005438E5 /* IOKit.framework */; };
		7EA6B83D1747B6F60018B340 /* Cocoa.framework in Frameworks */ = {isa = PBXBuildFile; fileRef = 7EA6B83C1747B6F60018B340 /* Cocoa.framework */; };
		7EA6B8471747B6F60018B340 /* InfoPlist.strings in Resources */ = {isa = PBXBuildFile; fileRef = 7EA6B8451747B6F60018B340 /* InfoPlist.strings */; };
		7EA6B8491747B6F60018B340 /* main.m in Sources */ = {isa = PBXBuildFile; fileRef = 7EA6B8481747B6F60018B340 /* main.m */; };
		7EA6B84D1747B6F60018B340 /* Credits.rtf in Resources */ = {isa = PBXBuildFile; fileRef = 7EA6B84B1747B6F60018B340 /* Credits.rtf */; };
		7EA6B8501747B6F60018B340 /* AppDelegate.m in Sources */ = {isa = PBXBuildFile; fileRef = 7EA6B84F1747B6F60018B340 /* AppDelegate.m */; };
		7EA6B8531747B6F60018B340 /* MainMenu.xib in Resources */ = {isa = PBXBuildFile; fileRef = 7EA6B8511747B6F60018B340 /* MainMenu.xib */; };
		7EA6B85A1747B7EF0018B340 /* clover.icns in Resources */ = {isa = PBXBuildFile; fileRef = 7EA6B8591747B7EF0018B340 /* clover.icns */; };
		7EA6B85C1747B8500018B340 /* CloverLogo.png in Resources */ = {isa = PBXBuildFile; fileRef = 7EA6B85B1747B8500018B340 /* CloverLogo.png */; };
/* End PBXBuildFile section */

/* Begin PBXFileReference section */
		7E27CEFF175F26D7005438E5 /* IOKit.framework */ = {isa = PBXFileReference; lastKnownFileType = wrapper.framework; name = IOKit.framework; path = System/Library/Frameworks/IOKit.framework; sourceTree = SDKROOT; };
		7EA6B8391747B6F60018B340 /* CloverUpdater.app */ = {isa = PBXFileReference; explicitFileType = wrapper.application; includeInIndex = 0; path = CloverUpdater.app; sourceTree = BUILT_PRODUCTS_DIR; };
		7EA6B83C1747B6F60018B340 /* Cocoa.framework */ = {isa = PBXFileReference; lastKnownFileType = wrapper.framework; name = Cocoa.framework; path = System/Library/Frameworks/Cocoa.framework; sourceTree = SDKROOT; };
		7EA6B8441747B6F60018B340 /* CloverUpdater-Info.plist */ = {isa = PBXFileReference; lastKnownFileType = text.plist.xml; path = "CloverUpdater-Info.plist"; sourceTree = "<group>"; };
		7EA6B8461747B6F60018B340 /* en */ = {isa = PBXFileReference; lastKnownFileType = text.plist.strings; name = en; path = en.lproj/InfoPlist.strings; sourceTree = "<group>"; };
		7EA6B8481747B6F60018B340 /* main.m */ = {isa = PBXFileReference; lastKnownFileType = sourcecode.c.objc; path = main.m; sourceTree = "<group>"; };
		7EA6B84A1747B6F60018B340 /* CloverUpdater-Prefix.pch */ = {isa = PBXFileReference; lastKnownFileType = sourcecode.c.h; path = "CloverUpdater-Prefix.pch"; sourceTree = "<group>"; };
		7EA6B84C1747B6F60018B340 /* en */ = {isa = PBXFileReference; lastKnownFileType = text.rtf; name = en; path = en.lproj/Credits.rtf; sourceTree = "<group>"; };
		7EA6B84E1747B6F60018B340 /* AppDelegate.h */ = {isa = PBXFileReference; lastKnownFileType = sourcecode.c.h; path = AppDelegate.h; sourceTree = "<group>"; };
		7EA6B84F1747B6F60018B340 /* AppDelegate.m */ = {isa = PBXFileReference; lastKnownFileType = sourcecode.c.objc; path = AppDelegate.m; sourceTree = "<group>"; };
		7EA6B8521747B6F60018B340 /* en */ = {isa = PBXFileReference; lastKnownFileType = file.xib; name = en; path = en.lproj/MainMenu.xib; sourceTree = "<group>"; };
		7EA6B8591747B7EF0018B340 /* clover.icns */ = {isa = PBXFileReference; lastKnownFileType = image.icns; path = clover.icns; sourceTree = "<group>"; };
		7EA6B85B1747B8500018B340 /* CloverLogo.png */ = {isa = PBXFileReference; lastKnownFileType = image.png; name = CloverLogo.png; path = CloverPrefPane/CloverLogo.png; sourceTree = SOURCE_ROOT; };
/* End PBXFileReference section */

/* Begin PBXFrameworksBuildPhase section */
		7EA6B8361747B6F60018B340 /* Frameworks */ = {
			isa = PBXFrameworksBuildPhase;
			buildActionMask = 2147483647;
			files = (
				7E27CF00175F26D7005438E5 /* IOKit.framework in Frameworks */,
				7EA6B83D1747B6F60018B340 /* Cocoa.framework in Frameworks */,
			);
			runOnlyForDeploymentPostprocessing = 0;
		};
/* End PBXFrameworksBuildPhase section */

/* Begin PBXGroup section */
		7EA6B8301747B6F60018B340 = {
			isa = PBXGroup;
			children = (
				7EA6B8421747B6F60018B340 /* CloverUpdater */,
				7EA6B83B1747B6F60018B340 /* Frameworks */,
				7EA6B83A1747B6F60018B340 /* Products */,
			);
			sourceTree = "<group>";
		};
		7EA6B83A1747B6F60018B340 /* Products */ = {
			isa = PBXGroup;
			children = (
				7EA6B8391747B6F60018B340 /* CloverUpdater.app */,
			);
			name = Products;
			sourceTree = "<group>";
		};
		7EA6B83B1747B6F60018B340 /* Frameworks */ = {
			isa = PBXGroup;
			children = (
				7EA6B83C1747B6F60018B340 /* Cocoa.framework */,
				7E27CEFF175F26D7005438E5 /* IOKit.framework */,
			);
			name = Frameworks;
			sourceTree = "<group>";
		};
		7EA6B8421747B6F60018B340 /* CloverUpdater */ = {
			isa = PBXGroup;
			children = (
				7EA6B84E1747B6F60018B340 /* AppDelegate.h */,
				7EA6B84F1747B6F60018B340 /* AppDelegate.m */,
				7EA6B8511747B6F60018B340 /* MainMenu.xib */,
				7EA6B8431747B6F60018B340 /* Supporting Files */,
			);
			path = CloverUpdater;
			sourceTree = "<group>";
		};
		7EA6B8431747B6F60018B340 /* Supporting Files */ = {
			isa = PBXGroup;
			children = (
				7EA6B85B1747B8500018B340 /* CloverLogo.png */,
				7EA6B8591747B7EF0018B340 /* clover.icns */,
				7EA6B8441747B6F60018B340 /* CloverUpdater-Info.plist */,
				7EA6B8451747B6F60018B340 /* InfoPlist.strings */,
				7EA6B8481747B6F60018B340 /* main.m */,
				7EA6B84A1747B6F60018B340 /* CloverUpdater-Prefix.pch */,
				7EA6B84B1747B6F60018B340 /* Credits.rtf */,
			);
			name = "Supporting Files";
			sourceTree = "<group>";
		};
/* End PBXGroup section */

/* Begin PBXNativeTarget section */
		7EA6B8381747B6F60018B340 /* CloverUpdater */ = {
			isa = PBXNativeTarget;
			buildConfigurationList = 7EA6B8561747B6F60018B340 /* Build configuration list for PBXNativeTarget "CloverUpdater" */;
			buildPhases = (
				7E54AC891755EE180085A20F /* ShellScript */,
				7EA6B8351747B6F60018B340 /* Sources */,
				7EA6B8361747B6F60018B340 /* Frameworks */,
				7EA6B8371747B6F60018B340 /* Resources */,
			);
			buildRules = (
			);
			dependencies = (
			);
			name = CloverUpdater;
			productName = CloverUpdater;
			productReference = 7EA6B8391747B6F60018B340 /* CloverUpdater.app */;
			productType = "com.apple.product-type.application";
		};
/* End PBXNativeTarget section */

/* Begin PBXProject section */
		7EA6B8311747B6F60018B340 /* Project object */ = {
			isa = PBXProject;
			attributes = {
				LastUpgradeCheck = 0460;
				ORGANIZATIONNAME = Kozlek;
			};
			buildConfigurationList = 7EA6B8341747B6F60018B340 /* Build configuration list for PBXProject "CloverUpdater" */;
			compatibilityVersion = "Xcode 3.2";
			developmentRegion = English;
			hasScannedForEncodings = 0;
			knownRegions = (
				en,
			);
			mainGroup = 7EA6B8301747B6F60018B340;
			productRefGroup = 7EA6B83A1747B6F60018B340 /* Products */;
			projectDirPath = "";
			projectRoot = "";
			targets = (
				7EA6B8381747B6F60018B340 /* CloverUpdater */,
			);
		};
/* End PBXProject section */

/* Begin PBXResourcesBuildPhase section */
		7EA6B8371747B6F60018B340 /* Resources */ = {
			isa = PBXResourcesBuildPhase;
			buildActionMask = 2147483647;
			files = (
				7EA6B8471747B6F60018B340 /* InfoPlist.strings in Resources */,
				7EA6B84D1747B6F60018B340 /* Credits.rtf in Resources */,
				7EA6B8531747B6F60018B340 /* MainMenu.xib in Resources */,
				7EA6B85A1747B7EF0018B340 /* clover.icns in Resources */,
				7EA6B85C1747B8500018B340 /* CloverLogo.png in Resources */,
			);
			runOnlyForDeploymentPostprocessing = 0;
		};
/* End PBXResourcesBuildPhase section */

/* Begin PBXShellScriptBuildPhase section */
		7E54AC891755EE180085A20F /* ShellScript */ = {
			isa = PBXShellScriptBuildPhase;
			buildActionMask = 2147483647;
			files = (
			);
			inputPaths = (
			);
			outputPaths = (
			);
			runOnlyForDeploymentPostprocessing = 0;
			shellPath = /bin/sh;
			shellScript = "#!/bin/sh\n# Increment project's build number\n\nif [[ $(git status \"${SOURCE_ROOT}\" | grep -c modified) == \"0\" ]]; then\n    exit 0\nfi\n\nBUILDNUM=$(/usr/libexec/PlistBuddy -c \"print CFBundleVersion\" \"${PRODUCT_SETTINGS_PATH}\")\nBUILDNUM=$(($BUILDNUM + 1))\n/usr/libexec/PlistBuddy -c \"Set :CFBundleVersion $BUILDNUM\" \"${PRODUCT_SETTINGS_PATH}\"";
		};
/* End PBXShellScriptBuildPhase section */

/* Begin PBXSourcesBuildPhase section */
		7EA6B8351747B6F60018B340 /* Sources */ = {
			isa = PBXSourcesBuildPhase;
			buildActionMask = 2147483647;
			files = (
				7EA6B8491747B6F60018B340 /* main.m in Sources */,
				7EA6B8501747B6F60018B340 /* AppDelegate.m in Sources */,
			);
			runOnlyForDeploymentPostprocessing = 0;
		};
/* End PBXSourcesBuildPhase section */

/* Begin PBXVariantGroup section */
		7EA6B8451747B6F60018B340 /* InfoPlist.strings */ = {
			isa = PBXVariantGroup;
			children = (
				7EA6B8461747B6F60018B340 /* en */,
			);
			name = InfoPlist.strings;
			sourceTree = "<group>";
		};
		7EA6B84B1747B6F60018B340 /* Credits.rtf */ = {
			isa = PBXVariantGroup;
			children = (
				7EA6B84C1747B6F60018B340 /* en */,
			);
			name = Credits.rtf;
			sourceTree = "<group>";
		};
		7EA6B8511747B6F60018B340 /* MainMenu.xib */ = {
			isa = PBXVariantGroup;
			children = (
				7EA6B8521747B6F60018B340 /* en */,
			);
			name = MainMenu.xib;
			sourceTree = "<group>";
		};
/* End PBXVariantGroup section */

/* Begin XCBuildConfiguration section */
		7EA6B8541747B6F60018B340 /* Debug */ = {
			isa = XCBuildConfiguration;
			buildSettings = {
				ALWAYS_SEARCH_USER_PATHS = NO;
				ARCHS = "$(ARCHS_STANDARD_64_BIT)";
				CLANG_CXX_LANGUAGE_STANDARD = "gnu++0x";
				CLANG_CXX_LIBRARY = "libc++";
				CLANG_ENABLE_OBJC_ARC = YES;
				CLANG_WARN_CONSTANT_CONVERSION = YES;
				CLANG_WARN_EMPTY_BODY = YES;
				CLANG_WARN_ENUM_CONVERSION = YES;
				CLANG_WARN_INT_CONVERSION = YES;
				CLANG_WARN__DUPLICATE_METHOD_MATCH = YES;
				CONFIGURATION_BUILD_DIR = Binaries;
				COPY_PHASE_STRIP = NO;
				DEBUG_INFORMATION_FORMAT = dwarf;
				GCC_C_LANGUAGE_STANDARD = gnu99;
				GCC_DYNAMIC_NO_PIC = NO;
				GCC_ENABLE_OBJC_EXCEPTIONS = YES;
				GCC_OPTIMIZATION_LEVEL = 0;
				GCC_PREPROCESSOR_DEFINITIONS = (
					"DEBUG=1",
					"$(inherited)",
				);
				GCC_SYMBOLS_PRIVATE_EXTERN = NO;
				GCC_WARN_64_TO_32_BIT_CONVERSION = YES;
				GCC_WARN_ABOUT_RETURN_TYPE = YES;
				GCC_WARN_UNINITIALIZED_AUTOS = YES;
				GCC_WARN_UNUSED_VARIABLE = YES;
				MACOSX_DEPLOYMENT_TARGET = 10.6;
				ONLY_ACTIVE_ARCH = YES;
				SDKROOT = macosx10.7;
			};
			name = Debug;
		};
		7EA6B8551747B6F60018B340 /* Release */ = {
			isa = XCBuildConfiguration;
			buildSettings = {
				ALWAYS_SEARCH_USER_PATHS = NO;
				ARCHS = "$(ARCHS_STANDARD_64_BIT)";
				CLANG_CXX_LANGUAGE_STANDARD = "gnu++0x";
				CLANG_CXX_LIBRARY = "libc++";
				CLANG_ENABLE_OBJC_ARC = YES;
				CLANG_WARN_CONSTANT_CONVERSION = YES;
				CLANG_WARN_EMPTY_BODY = YES;
				CLANG_WARN_ENUM_CONVERSION = YES;
				CLANG_WARN_INT_CONVERSION = YES;
				CLANG_WARN__DUPLICATE_METHOD_MATCH = YES;
				CONFIGURATION_BUILD_DIR = Binaries;
				COPY_PHASE_STRIP = YES;
				DEBUG_INFORMATION_FORMAT = "dwarf-with-dsym";
				GCC_C_LANGUAGE_STANDARD = gnu99;
				GCC_ENABLE_OBJC_EXCEPTIONS = YES;
				GCC_WARN_64_TO_32_BIT_CONVERSION = YES;
				GCC_WARN_ABOUT_RETURN_TYPE = YES;
				GCC_WARN_UNINITIALIZED_AUTOS = YES;
				GCC_WARN_UNUSED_VARIABLE = YES;
				MACOSX_DEPLOYMENT_TARGET = 10.6;
				SDKROOT = macosx10.7;
			};
			name = Release;
		};
		7EA6B8571747B6F60018B340 /* Debug */ = {
			isa = XCBuildConfiguration;
			buildSettings = {
				COMBINE_HIDPI_IMAGES = YES;
				GCC_PRECOMPILE_PREFIX_HEADER = YES;
				GCC_PREFIX_HEADER = "CloverUpdater/CloverUpdater-Prefix.pch";
				INFOPLIST_FILE = "CloverUpdater/CloverUpdater-Info.plist";
				PRODUCT_NAME = "$(TARGET_NAME)";
				WRAPPER_EXTENSION = app;
			};
			name = Debug;
		};
		7EA6B8581747B6F60018B340 /* Release */ = {
			isa = XCBuildConfiguration;
			buildSettings = {
				COMBINE_HIDPI_IMAGES = YES;
				GCC_PRECOMPILE_PREFIX_HEADER = YES;
				GCC_PREFIX_HEADER = "CloverUpdater/CloverUpdater-Prefix.pch";
				INFOPLIST_FILE = "CloverUpdater/CloverUpdater-Info.plist";
				PRODUCT_NAME = "$(TARGET_NAME)";
				WRAPPER_EXTENSION = app;
			};
			name = Release;
		};
/* End XCBuildConfiguration section */

/* Begin XCConfigurationList section */
		7EA6B8341747B6F60018B340 /* Build configuration list for PBXProject "CloverUpdater" */ = {
			isa = XCConfigurationList;
			buildConfigurations = (
				7EA6B8541747B6F60018B340 /* Debug */,
				7EA6B8551747B6F60018B340 /* Release */,
			);
			defaultConfigurationIsVisible = 0;
			defaultConfigurationName = Release;
		};
		7EA6B8561747B6F60018B340 /* Build configuration list for PBXNativeTarget "CloverUpdater" */ = {
			isa = XCConfigurationList;
			buildConfigurations = (
				7EA6B8571747B6F60018B340 /* Debug */,
				7EA6B8581747B6F60018B340 /* Release */,
			);
			defaultConfigurationIsVisible = 0;
			defaultConfigurationName = Release;
		};
/* End XCConfigurationList section */
	};
	rootObject = 7EA6B8311747B6F60018B340 /* Project object */;
}
