// !$*UTF8*$!
{
	archiveVersion = 1;
	classes = {
	};
	objectVersion = 46;
	objects = {

/* Begin PBXBuildFile section */
		7E1F573C17475FCE00780A84 /* SenTestingKit.framework in Frameworks */ = {isa = PBXBuildFile; fileRef = 7E1F573B17475FCE00780A84 /* SenTestingKit.framework */; };
		7E1F573D17475FCE00780A84 /* Cocoa.framework in Frameworks */ = {isa = PBXBuildFile; fileRef = 7E4A256117434A5500E87EF8 /* Cocoa.framework */; };
		7E1F574717475FCE00780A84 /* InfoPlist.strings in Resources */ = {isa = PBXBuildFile; fileRef = 7E1F574517475FCE00780A84 /* InfoPlist.strings */; };
		7E1F574A17475FCE00780A84 /* Test.m in Sources */ = {isa = PBXBuildFile; fileRef = 7E1F574917475FCE00780A84 /* Test.m */; };
		7E27CF10175FE500005438E5 /* Cocoa.framework in Frameworks */ = {isa = PBXBuildFile; fileRef = 7E4A256117434A5500E87EF8 /* Cocoa.framework */; };
		7E27CF1A175FE500005438E5 /* InfoPlist.strings in Resources */ = {isa = PBXBuildFile; fileRef = 7E27CF18175FE500005438E5 /* InfoPlist.strings */; };
		7E27CF1C175FE500005438E5 /* main.m in Sources */ = {isa = PBXBuildFile; fileRef = 7E27CF1B175FE500005438E5 /* main.m */; };
		7E27CF20175FE500005438E5 /* Credits.rtf in Resources */ = {isa = PBXBuildFile; fileRef = 7E27CF1E175FE500005438E5 /* Credits.rtf */; };
		7E27CF23175FE500005438E5 /* CloverUpdater.m in Sources */ = {isa = PBXBuildFile; fileRef = 7E27CF22175FE500005438E5 /* CloverUpdater.m */; };
		7E27CF2B175FE596005438E5 /* clover.icns in Resources */ = {isa = PBXBuildFile; fileRef = 7E27CF2A175FE596005438E5 /* clover.icns */; };
		7E27CF2D175FE5A6005438E5 /* CloverLogo.png in Resources */ = {isa = PBXBuildFile; fileRef = 7E27CF2C175FE5A6005438E5 /* CloverLogo.png */; };
		7E27CF31175FE6E7005438E5 /* IOKit.framework in Frameworks */ = {isa = PBXBuildFile; fileRef = 7EA15D6A1743CE27006E3C1E /* IOKit.framework */; };
		7E27CF34175FE6FE005438E5 /* CloverUpdater.app in Resources */ = {isa = PBXBuildFile; fileRef = 7E27CF0F175FE500005438E5 /* CloverUpdater.app */; };
		7E27CF35175FE706005438E5 /* getconfig in Resources */ = {isa = PBXBuildFile; fileRef = 7EA204B0174E001700F7C117 /* getconfig */; };
		7E376DC21775D73400095238 /* divider.png in Resources */ = {isa = PBXBuildFile; fileRef = 7E376DC11775D73400095238 /* divider.png */; };
		7E44151D174AAAE60012952E /* NoPreview.png in Resources */ = {isa = PBXBuildFile; fileRef = 7E44151C174AAAE60012952E /* NoPreview.png */; };
		7E4A256217434A5500E87EF8 /* Cocoa.framework in Frameworks */ = {isa = PBXBuildFile; fileRef = 7E4A256117434A5500E87EF8 /* Cocoa.framework */; };
		7E4A256417434A5500E87EF8 /* PreferencePanes.framework in Frameworks */ = {isa = PBXBuildFile; fileRef = 7E4A256317434A5500E87EF8 /* PreferencePanes.framework */; };
		7E4A256E17434A5500E87EF8 /* InfoPlist.strings in Resources */ = {isa = PBXBuildFile; fileRef = 7E4A256C17434A5500E87EF8 /* InfoPlist.strings */; };
		7E4A257217434A5500E87EF8 /* CloverPrefPane.m in Sources */ = {isa = PBXBuildFile; fileRef = 7E4A257117434A5500E87EF8 /* CloverPrefPane.m */; };
		7E4A257417434A5500E87EF8 /* CloverPrefPane.tiff in Resources */ = {isa = PBXBuildFile; fileRef = 7E4A257317434A5500E87EF8 /* CloverPrefPane.tiff */; };
		7E4A257E17434DBB00E87EF8 /* Security.framework in Frameworks */ = {isa = PBXBuildFile; fileRef = 7E4A257D17434DBB00E87EF8 /* Security.framework */; };
		7E4A258017434DF300E87EF8 /* SecurityInterface.framework in Frameworks */ = {isa = PBXBuildFile; fileRef = 7E4A257F17434DF300E87EF8 /* SecurityInterface.framework */; };
		7E4A25841743527700E87EF8 /* CloverTitle.png in Resources */ = {isa = PBXBuildFile; fileRef = 7E4A25831743527700E87EF8 /* CloverTitle.png */; };
		7E4A2589174378A700E87EF8 /* CloverLogo.png in Resources */ = {isa = PBXBuildFile; fileRef = 7E4A2588174378A700E87EF8 /* CloverLogo.png */; };
		7E67EE611762F94A00169E7E /* AnyPreferencesController.h in Headers */ = {isa = PBXBuildFile; fileRef = 7E67EE5F1762F94A00169E7E /* AnyPreferencesController.h */; };
		7E67EE621762F94A00169E7E /* AnyPreferencesController.m in Sources */ = {isa = PBXBuildFile; fileRef = 7E67EE601762F94A00169E7E /* AnyPreferencesController.m */; settings = {COMPILER_FLAGS = "-fno-objc-arc"; }; };
		7E67EE631762F94A00169E7E /* AnyPreferencesController.m in Sources */ = {isa = PBXBuildFile; fileRef = 7E67EE601762F94A00169E7E /* AnyPreferencesController.m */; settings = {COMPILER_FLAGS = "-fno-objc-arc"; }; };
		7EA15D6B1743CE27006E3C1E /* IOKit.framework in Frameworks */ = {isa = PBXBuildFile; fileRef = 7EA15D6A1743CE27006E3C1E /* IOKit.framework */; };
		7EA204B3174E001700F7C117 /* main.c in Sources */ = {isa = PBXBuildFile; fileRef = 7EA204B2174E001700F7C117 /* main.c */; };
		7EA204B5174E001700F7C117 /* getconfig.1 in CopyFiles */ = {isa = PBXBuildFile; fileRef = 7EA204B4174E001700F7C117 /* getconfig.1 */; };
		7EA204BB174E004300F7C117 /* AppKit.framework in Frameworks */ = {isa = PBXBuildFile; fileRef = 7E4A256617434A5500E87EF8 /* AppKit.framework */; };
		7EA204BC174E004800F7C117 /* IOKit.framework in Frameworks */ = {isa = PBXBuildFile; fileRef = 7EA15D6A1743CE27006E3C1E /* IOKit.framework */; };
		7EA275AA1750BAF4009D6C13 /* IOKit.framework in Frameworks */ = {isa = PBXBuildFile; fileRef = 7EA15D6A1743CE27006E3C1E /* IOKit.framework */; };
		7EA275AB1750BAF8009D6C13 /* AppKit.framework in Frameworks */ = {isa = PBXBuildFile; fileRef = 7E4A256617434A5500E87EF8 /* AppKit.framework */; };
		7EA42A54174806F1007328AF /* NoPreview.png in Resources */ = {isa = PBXBuildFile; fileRef = 7EA42A53174806F1007328AF /* NoPreview.png */; };
		7EA5B60A174C99A200428A7C /* Themes in Resources */ = {isa = PBXBuildFile; fileRef = 7EA5B609174C99A200428A7C /* Themes */; };
		7EA67EFB1771786E0071C8F6 /* Foundation.framework in Frameworks */ = {isa = PBXBuildFile; fileRef = 7E4A256817434A5500E87EF8 /* Foundation.framework */; };
		7EB5C0E31762666C00F58B4C /* Localizer.h in Headers */ = {isa = PBXBuildFile; fileRef = 7EB5C0E11762666C00F58B4C /* Localizer.h */; };
		7EB5C0E41762666C00F58B4C /* Localizer.m in Sources */ = {isa = PBXBuildFile; fileRef = 7EB5C0E21762666C00F58B4C /* Localizer.m */; };
		7EB5C0E51762666C00F58B4C /* Localizer.m in Sources */ = {isa = PBXBuildFile; fileRef = 7EB5C0E21762666C00F58B4C /* Localizer.m */; };
		7EC0FC41176131FD00932CEE /* Definitions.h in Headers */ = {isa = PBXBuildFile; fileRef = 7EC0FC40176131FD00932CEE /* Definitions.h */; };
		7EE3BC6E17440E5600144659 /* ServiceManagement.framework in Frameworks */ = {isa = PBXBuildFile; fileRef = 7EE3BC6D17440E5600144659 /* ServiceManagement.framework */; };
		7EF336E5176320BD002FE7AE /* Localizable.strings in Resources */ = {isa = PBXBuildFile; fileRef = 7EF336E7176320BD002FE7AE /* Localizable.strings */; };
		7EF336ED176322E3002FE7AE /* CloverPrefPane.xib in Resources */ = {isa = PBXBuildFile; fileRef = 7EF336EC176322E3002FE7AE /* CloverPrefPane.xib */; };
		7EF336F017633961002FE7AE /* MainMenu.xib in Resources */ = {isa = PBXBuildFile; fileRef = 7EF336EF17633961002FE7AE /* MainMenu.xib */; };
		7EF336F317633985002FE7AE /* Localizable.strings in Resources */ = {isa = PBXBuildFile; fileRef = 7EF336F517633985002FE7AE /* Localizable.strings */; };
		7EF336FF17638142002FE7AE /* NSPopover+Message.h in Headers */ = {isa = PBXBuildFile; fileRef = 7EF336FB17638142002FE7AE /* NSPopover+Message.h */; };
		7EF3370017638142002FE7AE /* NSString+Size.h in Headers */ = {isa = PBXBuildFile; fileRef = 7EF336FC17638142002FE7AE /* NSString+Size.h */; };
		7EF3370117638142002FE7AE /* NSPopover+Message.m in Sources */ = {isa = PBXBuildFile; fileRef = 7EF336FD17638142002FE7AE /* NSPopover+Message.m */; };
		7EF3370217638142002FE7AE /* NSString+Size.m in Sources */ = {isa = PBXBuildFile; fileRef = 7EF336FE17638142002FE7AE /* NSString+Size.m */; };
/* End PBXBuildFile section */

/* Begin PBXContainerItemProxy section */
		7E27CF32175FE6F3005438E5 /* PBXContainerItemProxy */ = {
			isa = PBXContainerItemProxy;
			containerPortal = 7E4A255417434A5500E87EF8 /* Project object */;
			proxyType = 1;
			remoteGlobalIDString = 7E27CF0E175FE500005438E5;
			remoteInfo = CloverUpdater;
		};
		7EA204B9174E002000F7C117 /* PBXContainerItemProxy */ = {
			isa = PBXContainerItemProxy;
			containerPortal = 7E4A255417434A5500E87EF8 /* Project object */;
			proxyType = 1;
			remoteGlobalIDString = 7EA204AF174E001700F7C117;
			remoteInfo = getconfig;
		};
/* End PBXContainerItemProxy section */

/* Begin PBXCopyFilesBuildPhase section */
		7EA204AE174E001700F7C117 /* CopyFiles */ = {
			isa = PBXCopyFilesBuildPhase;
			buildActionMask = 2147483647;
			dstPath = /usr/share/man/man1/;
			dstSubfolderSpec = 0;
			files = (
				7EA204B5174E001700F7C117 /* getconfig.1 in CopyFiles */,
			);
			runOnlyForDeploymentPostprocessing = 1;
		};
/* End PBXCopyFilesBuildPhase section */

/* Begin PBXFileReference section */
		7E1F573A17475FCE00780A84 /* Test.octest */ = {isa = PBXFileReference; explicitFileType = wrapper.cfbundle; includeInIndex = 0; path = Test.octest; sourceTree = BUILT_PRODUCTS_DIR; };
		7E1F573B17475FCE00780A84 /* SenTestingKit.framework */ = {isa = PBXFileReference; lastKnownFileType = wrapper.framework; name = SenTestingKit.framework; path = Library/Frameworks/SenTestingKit.framework; sourceTree = DEVELOPER_DIR; };
		7E1F574417475FCE00780A84 /* Test-Info.plist */ = {isa = PBXFileReference; lastKnownFileType = text.plist.xml; path = "Test-Info.plist"; sourceTree = "<group>"; };
		7E1F574617475FCE00780A84 /* en */ = {isa = PBXFileReference; lastKnownFileType = text.plist.strings; name = en; path = en.lproj/InfoPlist.strings; sourceTree = "<group>"; };
		7E1F574817475FCE00780A84 /* Test.h */ = {isa = PBXFileReference; lastKnownFileType = sourcecode.c.h; path = Test.h; sourceTree = "<group>"; };
		7E1F574917475FCE00780A84 /* Test.m */ = {isa = PBXFileReference; lastKnownFileType = sourcecode.c.objc; path = Test.m; sourceTree = "<group>"; };
		7E1F574B17475FCE00780A84 /* Test-Prefix.pch */ = {isa = PBXFileReference; lastKnownFileType = sourcecode.c.h; path = "Test-Prefix.pch"; sourceTree = "<group>"; };
		7E27CF0F175FE500005438E5 /* CloverUpdater.app */ = {isa = PBXFileReference; explicitFileType = wrapper.application; includeInIndex = 0; path = CloverUpdater.app; sourceTree = BUILT_PRODUCTS_DIR; };
		7E27CF17175FE500005438E5 /* CloverUpdater-Info.plist */ = {isa = PBXFileReference; lastKnownFileType = text.plist.xml; path = "CloverUpdater-Info.plist"; sourceTree = "<group>"; };
		7E27CF19175FE500005438E5 /* en */ = {isa = PBXFileReference; lastKnownFileType = text.plist.strings; name = en; path = en.lproj/InfoPlist.strings; sourceTree = "<group>"; };
		7E27CF1B175FE500005438E5 /* main.m */ = {isa = PBXFileReference; lastKnownFileType = sourcecode.c.objc; path = main.m; sourceTree = "<group>"; };
		7E27CF1D175FE500005438E5 /* CloverUpdater-Prefix.pch */ = {isa = PBXFileReference; lastKnownFileType = sourcecode.c.h; path = "CloverUpdater-Prefix.pch"; sourceTree = "<group>"; };
		7E27CF1F175FE500005438E5 /* en */ = {isa = PBXFileReference; lastKnownFileType = text.rtf; name = en; path = en.lproj/Credits.rtf; sourceTree = "<group>"; };
		7E27CF21175FE500005438E5 /* CloverUpdater.h */ = {isa = PBXFileReference; lastKnownFileType = sourcecode.c.h; path = CloverUpdater.h; sourceTree = "<group>"; };
		7E27CF22175FE500005438E5 /* CloverUpdater.m */ = {isa = PBXFileReference; lastKnownFileType = sourcecode.c.objc; path = CloverUpdater.m; sourceTree = "<group>"; };
		7E27CF2A175FE596005438E5 /* clover.icns */ = {isa = PBXFileReference; lastKnownFileType = image.icns; path = clover.icns; sourceTree = "<group>"; };
		7E27CF2C175FE5A6005438E5 /* CloverLogo.png */ = {isa = PBXFileReference; lastKnownFileType = image.png; name = CloverLogo.png; path = CloverPrefPane/CloverLogo.png; sourceTree = SOURCE_ROOT; };
		7E376DC11775D73400095238 /* divider.png */ = {isa = PBXFileReference; lastKnownFileType = image.png; path = divider.png; sourceTree = "<group>"; };
		7E44151C174AAAE60012952E /* NoPreview.png */ = {isa = PBXFileReference; lastKnownFileType = image.png; path = NoPreview.png; sourceTree = "<group>"; };
		7E4A255E17434A5500E87EF8 /* Clover.prefPane */ = {isa = PBXFileReference; explicitFileType = wrapper.cfbundle; includeInIndex = 0; path = Clover.prefPane; sourceTree = BUILT_PRODUCTS_DIR; };
		7E4A256117434A5500E87EF8 /* Cocoa.framework */ = {isa = PBXFileReference; lastKnownFileType = wrapper.framework; name = Cocoa.framework; path = System/Library/Frameworks/Cocoa.framework; sourceTree = SDKROOT; };
		7E4A256317434A5500E87EF8 /* PreferencePanes.framework */ = {isa = PBXFileReference; lastKnownFileType = wrapper.framework; name = PreferencePanes.framework; path = System/Library/Frameworks/PreferencePanes.framework; sourceTree = SDKROOT; };
		7E4A256617434A5500E87EF8 /* AppKit.framework */ = {isa = PBXFileReference; lastKnownFileType = wrapper.framework; name = AppKit.framework; path = System/Library/Frameworks/AppKit.framework; sourceTree = SDKROOT; };
		7E4A256717434A5500E87EF8 /* CoreData.framework */ = {isa = PBXFileReference; lastKnownFileType = wrapper.framework; name = CoreData.framework; path = System/Library/Frameworks/CoreData.framework; sourceTree = SDKROOT; };
		7E4A256817434A5500E87EF8 /* Foundation.framework */ = {isa = PBXFileReference; lastKnownFileType = wrapper.framework; name = Foundation.framework; path = System/Library/Frameworks/Foundation.framework; sourceTree = SDKROOT; };
		7E4A256B17434A5500E87EF8 /* CloverPrefs-Info.plist */ = {isa = PBXFileReference; lastKnownFileType = text.plist.xml; path = "CloverPrefs-Info.plist"; sourceTree = "<group>"; };
		7E4A256D17434A5500E87EF8 /* en */ = {isa = PBXFileReference; lastKnownFileType = text.plist.strings; name = en; path = en.lproj/InfoPlist.strings; sourceTree = "<group>"; };
		7E4A256F17434A5500E87EF8 /* CloverPrefs-Prefix.pch */ = {isa = PBXFileReference; lastKnownFileType = sourcecode.c.h; path = "CloverPrefs-Prefix.pch"; sourceTree = "<group>"; };
		7E4A257017434A5500E87EF8 /* CloverPrefPane.h */ = {isa = PBXFileReference; lastKnownFileType = sourcecode.c.h; path = CloverPrefPane.h; sourceTree = "<group>"; };
		7E4A257117434A5500E87EF8 /* CloverPrefPane.m */ = {isa = PBXFileReference; lastKnownFileType = sourcecode.c.objc; path = CloverPrefPane.m; sourceTree = "<group>"; };
		7E4A257317434A5500E87EF8 /* CloverPrefPane.tiff */ = {isa = PBXFileReference; lastKnownFileType = image.tiff; path = CloverPrefPane.tiff; sourceTree = "<group>"; };
		7E4A257D17434DBB00E87EF8 /* Security.framework */ = {isa = PBXFileReference; lastKnownFileType = wrapper.framework; name = Security.framework; path = System/Library/Frameworks/Security.framework; sourceTree = SDKROOT; };
		7E4A257F17434DF300E87EF8 /* SecurityInterface.framework */ = {isa = PBXFileReference; lastKnownFileType = wrapper.framework; name = SecurityInterface.framework; path = System/Library/Frameworks/SecurityInterface.framework; sourceTree = SDKROOT; };
		7E4A25831743527700E87EF8 /* CloverTitle.png */ = {isa = PBXFileReference; lastKnownFileType = image.png; path = CloverTitle.png; sourceTree = "<group>"; };
		7E4A25851743531E00E87EF8 /* CloverTitle.psd */ = {isa = PBXFileReference; lastKnownFileType = file; name = CloverTitle.psd; path = CloverPrefPane/CloverTitle.psd; sourceTree = "<group>"; };
		7E4A2588174378A700E87EF8 /* CloverLogo.png */ = {isa = PBXFileReference; lastKnownFileType = image.png; path = CloverLogo.png; sourceTree = "<group>"; };
		7E67EE5F1762F94A00169E7E /* AnyPreferencesController.h */ = {isa = PBXFileReference; fileEncoding = 4; lastKnownFileType = sourcecode.c.h; path = AnyPreferencesController.h; sourceTree = "<group>"; };
		7E67EE601762F94A00169E7E /* AnyPreferencesController.m */ = {isa = PBXFileReference; fileEncoding = 4; lastKnownFileType = sourcecode.c.objc; path = AnyPreferencesController.m; sourceTree = "<group>"; };
		7EA15D6A1743CE27006E3C1E /* IOKit.framework */ = {isa = PBXFileReference; lastKnownFileType = wrapper.framework; name = IOKit.framework; path = System/Library/Frameworks/IOKit.framework; sourceTree = SDKROOT; };
		7EA204B0174E001700F7C117 /* getconfig */ = {isa = PBXFileReference; explicitFileType = "compiled.mach-o.executable"; includeInIndex = 0; path = getconfig; sourceTree = BUILT_PRODUCTS_DIR; };
		7EA204B2174E001700F7C117 /* main.c */ = {isa = PBXFileReference; lastKnownFileType = sourcecode.c.c; path = main.c; sourceTree = "<group>"; };
		7EA204B4174E001700F7C117 /* getconfig.1 */ = {isa = PBXFileReference; lastKnownFileType = text.man; path = getconfig.1; sourceTree = "<group>"; };
		7EA42A53174806F1007328AF /* NoPreview.png */ = {isa = PBXFileReference; lastKnownFileType = image.png; path = NoPreview.png; sourceTree = "<group>"; };
		7EA5B609174C99A200428A7C /* Themes */ = {isa = PBXFileReference; lastKnownFileType = folder; path = Themes; sourceTree = "<group>"; };
		7EB5C0E11762666C00F58B4C /* Localizer.h */ = {isa = PBXFileReference; fileEncoding = 4; lastKnownFileType = sourcecode.c.h; path = Localizer.h; sourceTree = "<group>"; };
		7EB5C0E21762666C00F58B4C /* Localizer.m */ = {isa = PBXFileReference; fileEncoding = 4; lastKnownFileType = sourcecode.c.objc; path = Localizer.m; sourceTree = "<group>"; };
		7EC0FC40176131FD00932CEE /* Definitions.h */ = {isa = PBXFileReference; fileEncoding = 4; lastKnownFileType = sourcecode.c.h; path = Definitions.h; sourceTree = "<group>"; };
		7EC2F2C11764E1C60022B337 /* en */ = {isa = PBXFileReference; lastKnownFileType = text.plist.strings; name = en; path = en.lproj/Localizable.strings; sourceTree = "<group>"; };
		7EE3BC6D17440E5600144659 /* ServiceManagement.framework */ = {isa = PBXFileReference; lastKnownFileType = wrapper.framework; name = ServiceManagement.framework; path = System/Library/Frameworks/ServiceManagement.framework; sourceTree = SDKROOT; };
		7EF336EC176322E3002FE7AE /* CloverPrefPane.xib */ = {isa = PBXFileReference; fileEncoding = 4; lastKnownFileType = file.xib; path = CloverPrefPane.xib; sourceTree = "<group>"; };
		7EF336EE176322F5002FE7AE /* ru */ = {isa = PBXFileReference; lastKnownFileType = text.plist.strings; name = ru; path = ru.lproj/Localizable.strings; sourceTree = "<group>"; };
		7EF336EF17633961002FE7AE /* MainMenu.xib */ = {isa = PBXFileReference; fileEncoding = 4; lastKnownFileType = file.xib; path = MainMenu.xib; sourceTree = "<group>"; };
		7EF336F417633985002FE7AE /* en */ = {isa = PBXFileReference; lastKnownFileType = text.plist.strings; name = en; path = en.lproj/Localizable.strings; sourceTree = "<group>"; };
		7EF336F61763398A002FE7AE /* ru */ = {isa = PBXFileReference; lastKnownFileType = text.plist.strings; name = ru; path = ru.lproj/Localizable.strings; sourceTree = "<group>"; };
		7EF336FB17638142002FE7AE /* NSPopover+Message.h */ = {isa = PBXFileReference; fileEncoding = 4; lastKnownFileType = sourcecode.c.h; path = "NSPopover+Message.h"; sourceTree = "<group>"; };
		7EF336FC17638142002FE7AE /* NSString+Size.h */ = {isa = PBXFileReference; fileEncoding = 4; lastKnownFileType = sourcecode.c.h; path = "NSString+Size.h"; sourceTree = "<group>"; };
		7EF336FD17638142002FE7AE /* NSPopover+Message.m */ = {isa = PBXFileReference; fileEncoding = 4; lastKnownFileType = sourcecode.c.objc; path = "NSPopover+Message.m"; sourceTree = "<group>"; };
		7EF336FE17638142002FE7AE /* NSString+Size.m */ = {isa = PBXFileReference; fileEncoding = 4; lastKnownFileType = sourcecode.c.objc; path = "NSString+Size.m"; sourceTree = "<group>"; };
/* End PBXFileReference section */

/* Begin PBXFrameworksBuildPhase section */
		7E1F573617475FCE00780A84 /* Frameworks */ = {
			isa = PBXFrameworksBuildPhase;
			buildActionMask = 2147483647;
			files = (
				7EA275AB1750BAF8009D6C13 /* AppKit.framework in Frameworks */,
				7EA275AA1750BAF4009D6C13 /* IOKit.framework in Frameworks */,
				7E1F573C17475FCE00780A84 /* SenTestingKit.framework in Frameworks */,
				7E1F573D17475FCE00780A84 /* Cocoa.framework in Frameworks */,
			);
			runOnlyForDeploymentPostprocessing = 0;
		};
		7E27CF0C175FE500005438E5 /* Frameworks */ = {
			isa = PBXFrameworksBuildPhase;
			buildActionMask = 2147483647;
			files = (
				7E27CF10175FE500005438E5 /* Cocoa.framework in Frameworks */,
				7E27CF31175FE6E7005438E5 /* IOKit.framework in Frameworks */,
			);
			runOnlyForDeploymentPostprocessing = 0;
		};
		7E4A255917434A5500E87EF8 /* Frameworks */ = {
			isa = PBXFrameworksBuildPhase;
			buildActionMask = 2147483647;
			files = (
				7EA67EFB1771786E0071C8F6 /* Foundation.framework in Frameworks */,
				7EE3BC6E17440E5600144659 /* ServiceManagement.framework in Frameworks */,
				7EA15D6B1743CE27006E3C1E /* IOKit.framework in Frameworks */,
				7E4A258017434DF300E87EF8 /* SecurityInterface.framework in Frameworks */,
				7E4A257E17434DBB00E87EF8 /* Security.framework in Frameworks */,
				7E4A256217434A5500E87EF8 /* Cocoa.framework in Frameworks */,
				7E4A256417434A5500E87EF8 /* PreferencePanes.framework in Frameworks */,
			);
			runOnlyForDeploymentPostprocessing = 0;
		};
		7EA204AD174E001700F7C117 /* Frameworks */ = {
			isa = PBXFrameworksBuildPhase;
			buildActionMask = 2147483647;
			files = (
				7EA204BC174E004800F7C117 /* IOKit.framework in Frameworks */,
				7EA204BB174E004300F7C117 /* AppKit.framework in Frameworks */,
			);
			runOnlyForDeploymentPostprocessing = 0;
		};
/* End PBXFrameworksBuildPhase section */

/* Begin PBXGroup section */
		7E1F574217475FCE00780A84 /* Test */ = {
			isa = PBXGroup;
			children = (
				7E1F574817475FCE00780A84 /* Test.h */,
				7E1F574917475FCE00780A84 /* Test.m */,
				7E1F574317475FCE00780A84 /* Supporting Files */,
			);
			path = Test;
			sourceTree = "<group>";
		};
		7E1F574317475FCE00780A84 /* Supporting Files */ = {
			isa = PBXGroup;
			children = (
				7E44151C174AAAE60012952E /* NoPreview.png */,
				7E1F574417475FCE00780A84 /* Test-Info.plist */,
				7E1F574517475FCE00780A84 /* InfoPlist.strings */,
				7E1F574B17475FCE00780A84 /* Test-Prefix.pch */,
			);
			name = "Supporting Files";
			sourceTree = "<group>";
		};
		7E27CF15175FE500005438E5 /* CloverUpdater */ = {
			isa = PBXGroup;
			children = (
				7E27CF21175FE500005438E5 /* CloverUpdater.h */,
				7E27CF22175FE500005438E5 /* CloverUpdater.m */,
				7EF336EF17633961002FE7AE /* MainMenu.xib */,
				7EF336F517633985002FE7AE /* Localizable.strings */,
				7E27CF16175FE500005438E5 /* Supporting Files */,
			);
			path = CloverUpdater;
			sourceTree = "<group>";
		};
		7E27CF16175FE500005438E5 /* Supporting Files */ = {
			isa = PBXGroup;
			children = (
				7E27CF2C175FE5A6005438E5 /* CloverLogo.png */,
				7E27CF2A175FE596005438E5 /* clover.icns */,
				7E27CF17175FE500005438E5 /* CloverUpdater-Info.plist */,
				7E27CF18175FE500005438E5 /* InfoPlist.strings */,
				7E27CF1B175FE500005438E5 /* main.m */,
				7E27CF1D175FE500005438E5 /* CloverUpdater-Prefix.pch */,
				7E27CF1E175FE500005438E5 /* Credits.rtf */,
			);
			name = "Supporting Files";
			sourceTree = "<group>";
		};
		7E4A255317434A5500E87EF8 = {
			isa = PBXGroup;
			children = (
				7EC0FC3F176131E500932CEE /* Shared */,
				7E4A256917434A5500E87EF8 /* CloverPrefPane */,
				7E27CF15175FE500005438E5 /* CloverUpdater */,
				7E4A258117434EAD00E87EF8 /* Graphics */,
				7EA204B1174E001700F7C117 /* getconfig */,
				7E1F574217475FCE00780A84 /* Test */,
				7E4A256017434A5500E87EF8 /* Frameworks */,
				7E4A255F17434A5500E87EF8 /* Products */,
			);
			sourceTree = "<group>";
		};
		7E4A255F17434A5500E87EF8 /* Products */ = {
			isa = PBXGroup;
			children = (
				7E4A255E17434A5500E87EF8 /* Clover.prefPane */,
				7E1F573A17475FCE00780A84 /* Test.octest */,
				7EA204B0174E001700F7C117 /* getconfig */,
				7E27CF0F175FE500005438E5 /* CloverUpdater.app */,
			);
			name = Products;
			sourceTree = "<group>";
		};
		7E4A256017434A5500E87EF8 /* Frameworks */ = {
			isa = PBXGroup;
			children = (
				7E4A256617434A5500E87EF8 /* AppKit.framework */,
				7E4A256117434A5500E87EF8 /* Cocoa.framework */,
				7E4A256717434A5500E87EF8 /* CoreData.framework */,
				7E4A256817434A5500E87EF8 /* Foundation.framework */,
				7EA15D6A1743CE27006E3C1E /* IOKit.framework */,
				7E4A256317434A5500E87EF8 /* PreferencePanes.framework */,
				7E4A257D17434DBB00E87EF8 /* Security.framework */,
				7E4A257F17434DF300E87EF8 /* SecurityInterface.framework */,
				7EE3BC6D17440E5600144659 /* ServiceManagement.framework */,
				7E1F573B17475FCE00780A84 /* SenTestingKit.framework */,
			);
			name = Frameworks;
			sourceTree = "<group>";
		};
		7E4A256917434A5500E87EF8 /* CloverPrefPane */ = {
			isa = PBXGroup;
			children = (
				7E4A257017434A5500E87EF8 /* CloverPrefPane.h */,
				7E4A257117434A5500E87EF8 /* CloverPrefPane.m */,
				7EF336EC176322E3002FE7AE /* CloverPrefPane.xib */,
				7EF336E7176320BD002FE7AE /* Localizable.strings */,
				7E4A256A17434A5500E87EF8 /* Supporting Files */,
			);
			path = CloverPrefPane;
			sourceTree = "<group>";
		};
		7E4A256A17434A5500E87EF8 /* Supporting Files */ = {
			isa = PBXGroup;
			children = (
				7EA5B609174C99A200428A7C /* Themes */,
				7E4A258A17437ADA00E87EF8 /* Icons */,
				7E4A256B17434A5500E87EF8 /* CloverPrefs-Info.plist */,
				7E4A256C17434A5500E87EF8 /* InfoPlist.strings */,
				7E4A256F17434A5500E87EF8 /* CloverPrefs-Prefix.pch */,
			);
			name = "Supporting Files";
			sourceTree = "<group>";
		};
		7E4A258117434EAD00E87EF8 /* Graphics */ = {
			isa = PBXGroup;
			children = (
				7E4A25851743531E00E87EF8 /* CloverTitle.psd */,
			);
			name = Graphics;
			sourceTree = "<group>";
		};
		7E4A258A17437ADA00E87EF8 /* Icons */ = {
			isa = PBXGroup;
			children = (
				7EA42A53174806F1007328AF /* NoPreview.png */,
				7E4A25831743527700E87EF8 /* CloverTitle.png */,
				7E4A2588174378A700E87EF8 /* CloverLogo.png */,
				7E4A257317434A5500E87EF8 /* CloverPrefPane.tiff */,
				7E376DC11775D73400095238 /* divider.png */,
			);
			name = Icons;
			sourceTree = "<group>";
		};
		7EA204B1174E001700F7C117 /* getconfig */ = {
			isa = PBXGroup;
			children = (
				7EA204B2174E001700F7C117 /* main.c */,
				7EA204B4174E001700F7C117 /* getconfig.1 */,
			);
			path = getconfig;
			sourceTree = "<group>";
		};
		7EC0FC3F176131E500932CEE /* Shared */ = {
			isa = PBXGroup;
			children = (
				7EC0FC40176131FD00932CEE /* Definitions.h */,
				7EB5C0E11762666C00F58B4C /* Localizer.h */,
				7EB5C0E21762666C00F58B4C /* Localizer.m */,
				7E67EE5F1762F94A00169E7E /* AnyPreferencesController.h */,
				7E67EE601762F94A00169E7E /* AnyPreferencesController.m */,
				7EF336FC17638142002FE7AE /* NSString+Size.h */,
				7EF336FE17638142002FE7AE /* NSString+Size.m */,
				7EF336FB17638142002FE7AE /* NSPopover+Message.h */,
				7EF336FD17638142002FE7AE /* NSPopover+Message.m */,
			);
			name = Shared;
			sourceTree = "<group>";
		};
/* End PBXGroup section */

/* Begin PBXHeadersBuildPhase section */
		7E4A255A17434A5500E87EF8 /* Headers */ = {
			isa = PBXHeadersBuildPhase;
			buildActionMask = 2147483647;
			files = (
				7EC0FC41176131FD00932CEE /* Definitions.h in Headers */,
				7EB5C0E31762666C00F58B4C /* Localizer.h in Headers */,
				7E67EE611762F94A00169E7E /* AnyPreferencesController.h in Headers */,
				7EF336FF17638142002FE7AE /* NSPopover+Message.h in Headers */,
				7EF3370017638142002FE7AE /* NSString+Size.h in Headers */,
			);
			runOnlyForDeploymentPostprocessing = 0;
		};
/* End PBXHeadersBuildPhase section */

/* Begin PBXNativeTarget section */
		7E1F573917475FCE00780A84 /* Test */ = {
			isa = PBXNativeTarget;
			buildConfigurationList = 7E1F574E17475FCE00780A84 /* Build configuration list for PBXNativeTarget "Test" */;
			buildPhases = (
				7E1F573517475FCE00780A84 /* Sources */,
				7E1F573617475FCE00780A84 /* Frameworks */,
				7E1F573717475FCE00780A84 /* Resources */,
				7E1F573817475FCE00780A84 /* ShellScript */,
			);
			buildRules = (
			);
			dependencies = (
			);
			name = Test;
			productName = Test;
			productReference = 7E1F573A17475FCE00780A84 /* Test.octest */;
			productType = "com.apple.product-type.bundle";
		};
		7E27CF0E175FE500005438E5 /* CloverUpdater */ = {
			isa = PBXNativeTarget;
			buildConfigurationList = 7E27CF27175FE500005438E5 /* Build configuration list for PBXNativeTarget "CloverUpdater" */;
			buildPhases = (
				7E27CF2E175FE6C8005438E5 /* ShellScript */,
				7E27CF0B175FE500005438E5 /* Sources */,
				7E27CF0C175FE500005438E5 /* Frameworks */,
				7E27CF0D175FE500005438E5 /* Resources */,
			);
			buildRules = (
			);
			dependencies = (
			);
			name = CloverUpdater;
			productName = CloverUpdater;
			productReference = 7E27CF0F175FE500005438E5 /* CloverUpdater.app */;
			productType = "com.apple.product-type.application";
		};
		7E4A255D17434A5500E87EF8 /* Clover */ = {
			isa = PBXNativeTarget;
			buildConfigurationList = 7E4A257A17434A5500E87EF8 /* Build configuration list for PBXNativeTarget "Clover" */;
			buildPhases = (
				7E54AC881755EBB90085A20F /* ShellScript */,
				7E4A255817434A5500E87EF8 /* Sources */,
				7E4A255917434A5500E87EF8 /* Frameworks */,
				7E4A255A17434A5500E87EF8 /* Headers */,
				7E4A255B17434A5500E87EF8 /* Resources */,
				7E4A255C17434A5500E87EF8 /* Rez */,
			);
			buildRules = (
			);
			dependencies = (
				7E27CF33175FE6F3005438E5 /* PBXTargetDependency */,
				7EA204BA174E002000F7C117 /* PBXTargetDependency */,
			);
			name = Clover;
			productName = CloverPrefPane;
			productReference = 7E4A255E17434A5500E87EF8 /* Clover.prefPane */;
			productType = "com.apple.product-type.bundle";
		};
		7EA204AF174E001700F7C117 /* getconfig */ = {
			isa = PBXNativeTarget;
			buildConfigurationList = 7EA204B6174E001700F7C117 /* Build configuration list for PBXNativeTarget "getconfig" */;
			buildPhases = (
				7EA204AC174E001700F7C117 /* Sources */,
				7EA204AD174E001700F7C117 /* Frameworks */,
				7EA204AE174E001700F7C117 /* CopyFiles */,
			);
			buildRules = (
			);
			dependencies = (
			);
			name = getconfig;
			productName = getconfig;
			productReference = 7EA204B0174E001700F7C117 /* getconfig */;
			productType = "com.apple.product-type.tool";
		};
/* End PBXNativeTarget section */

/* Begin PBXProject section */
		7E4A255417434A5500E87EF8 /* Project object */ = {
			isa = PBXProject;
			attributes = {
				LastUpgradeCheck = 0460;
				ORGANIZATIONNAME = Kozlek;
			};
			buildConfigurationList = 7E4A255717434A5500E87EF8 /* Build configuration list for PBXProject "CloverPrefs" */;
			compatibilityVersion = "Xcode 3.2";
			developmentRegion = English;
			hasScannedForEncodings = 0;
			knownRegions = (
				en,
				ru,
			);
			mainGroup = 7E4A255317434A5500E87EF8;
			productRefGroup = 7E4A255F17434A5500E87EF8 /* Products */;
			projectDirPath = "";
			projectRoot = "";
			targets = (
				7EA204AF174E001700F7C117 /* getconfig */,
				7E4A255D17434A5500E87EF8 /* Clover */,
				7E1F573917475FCE00780A84 /* Test */,
				7E27CF0E175FE500005438E5 /* CloverUpdater */,
			);
		};
/* End PBXProject section */

/* Begin PBXResourcesBuildPhase section */
		7E1F573717475FCE00780A84 /* Resources */ = {
			isa = PBXResourcesBuildPhase;
			buildActionMask = 2147483647;
			files = (
				7E1F574717475FCE00780A84 /* InfoPlist.strings in Resources */,
				7E44151D174AAAE60012952E /* NoPreview.png in Resources */,
			);
			runOnlyForDeploymentPostprocessing = 0;
		};
		7E27CF0D175FE500005438E5 /* Resources */ = {
			isa = PBXResourcesBuildPhase;
			buildActionMask = 2147483647;
			files = (
				7E27CF1A175FE500005438E5 /* InfoPlist.strings in Resources */,
				7E27CF20175FE500005438E5 /* Credits.rtf in Resources */,
				7E27CF2B175FE596005438E5 /* clover.icns in Resources */,
				7E27CF2D175FE5A6005438E5 /* CloverLogo.png in Resources */,
				7EF336F017633961002FE7AE /* MainMenu.xib in Resources */,
				7EF336F317633985002FE7AE /* Localizable.strings in Resources */,
			);
			runOnlyForDeploymentPostprocessing = 0;
		};
		7E4A255B17434A5500E87EF8 /* Resources */ = {
			isa = PBXResourcesBuildPhase;
			buildActionMask = 2147483647;
			files = (
				7E27CF34175FE6FE005438E5 /* CloverUpdater.app in Resources */,
				7E27CF35175FE706005438E5 /* getconfig in Resources */,
				7E4A256E17434A5500E87EF8 /* InfoPlist.strings in Resources */,
				7E4A257417434A5500E87EF8 /* CloverPrefPane.tiff in Resources */,
				7E4A25841743527700E87EF8 /* CloverTitle.png in Resources */,
				7E4A2589174378A700E87EF8 /* CloverLogo.png in Resources */,
				7EA42A54174806F1007328AF /* NoPreview.png in Resources */,
				7EA5B60A174C99A200428A7C /* Themes in Resources */,
				7EF336E5176320BD002FE7AE /* Localizable.strings in Resources */,
				7EF336ED176322E3002FE7AE /* CloverPrefPane.xib in Resources */,
				7E376DC21775D73400095238 /* divider.png in Resources */,
			);
			runOnlyForDeploymentPostprocessing = 0;
		};
/* End PBXResourcesBuildPhase section */

/* Begin PBXRezBuildPhase section */
		7E4A255C17434A5500E87EF8 /* Rez */ = {
			isa = PBXRezBuildPhase;
			buildActionMask = 2147483647;
			files = (
			);
			runOnlyForDeploymentPostprocessing = 0;
		};
/* End PBXRezBuildPhase section */

/* Begin PBXShellScriptBuildPhase section */
		7E1F573817475FCE00780A84 /* ShellScript */ = {
			isa = PBXShellScriptBuildPhase;
			buildActionMask = 2147483647;
			files = (
			);
			inputPaths = (
			);
			outputPaths = (
			);
			runOnlyForDeploymentPostprocessing = 0;
			shellPath = /bin/sh;
			shellScript = "# Run the unit tests in this test bundle.\n\"${SYSTEM_DEVELOPER_DIR}/Tools/RunUnitTests\"\n";
		};
		7E27CF2E175FE6C8005438E5 /* ShellScript */ = {
			isa = PBXShellScriptBuildPhase;
			buildActionMask = 2147483647;
			files = (
			);
			inputPaths = (
			);
			outputPaths = (
			);
			runOnlyForDeploymentPostprocessing = 0;
			shellPath = /bin/sh;
			shellScript = "#!/bin/sh\n# Increment project's build number\n\nif [[ $(git status \"${SOURCE_ROOT}\" | grep -c modified) == \"0\" ]]; then\nexit 0\nfi\n\nBUILDNUM=$(/usr/libexec/PlistBuddy -c \"print CFBundleVersion\" \"${PRODUCT_SETTINGS_PATH}\")\nBUILDNUM=$(($BUILDNUM + 1))\n/usr/libexec/PlistBuddy -c \"Set :CFBundleVersion $BUILDNUM\" \"${PRODUCT_SETTINGS_PATH}\"";
		};
		7E54AC881755EBB90085A20F /* ShellScript */ = {
			isa = PBXShellScriptBuildPhase;
			buildActionMask = 2147483647;
			files = (
			);
			inputPaths = (
			);
			outputPaths = (
			);
			runOnlyForDeploymentPostprocessing = 0;
			shellPath = /bin/sh;
			shellScript = "#!/bin/sh\n# Increment project's build number\n\nif [[ $(git status \"${SOURCE_ROOT}\" | grep -c modified) == \"0\" ]]; then\n    exit 0\nfi\n\nBUILDNUM=$(/usr/libexec/PlistBuddy -c \"print CFBundleVersion\" \"${PRODUCT_SETTINGS_PATH}\")\nBUILDNUM=$(($BUILDNUM + 1))\n/usr/libexec/PlistBuddy -c \"Set :CFBundleVersion $BUILDNUM\" \"${PRODUCT_SETTINGS_PATH}\"";
		};
/* End PBXShellScriptBuildPhase section */

/* Begin PBXSourcesBuildPhase section */
		7E1F573517475FCE00780A84 /* Sources */ = {
			isa = PBXSourcesBuildPhase;
			buildActionMask = 2147483647;
			files = (
				7E1F574A17475FCE00780A84 /* Test.m in Sources */,
			);
			runOnlyForDeploymentPostprocessing = 0;
		};
		7E27CF0B175FE500005438E5 /* Sources */ = {
			isa = PBXSourcesBuildPhase;
			buildActionMask = 2147483647;
			files = (
				7E27CF1C175FE500005438E5 /* main.m in Sources */,
				7E27CF23175FE500005438E5 /* CloverUpdater.m in Sources */,
				7EB5C0E51762666C00F58B4C /* Localizer.m in Sources */,
				7E67EE631762F94A00169E7E /* AnyPreferencesController.m in Sources */,
			);
			runOnlyForDeploymentPostprocessing = 0;
		};
		7E4A255817434A5500E87EF8 /* Sources */ = {
			isa = PBXSourcesBuildPhase;
			buildActionMask = 2147483647;
			files = (
				7E4A257217434A5500E87EF8 /* CloverPrefPane.m in Sources */,
				7EB5C0E41762666C00F58B4C /* Localizer.m in Sources */,
				7E67EE621762F94A00169E7E /* AnyPreferencesController.m in Sources */,
				7EF3370117638142002FE7AE /* NSPopover+Message.m in Sources */,
				7EF3370217638142002FE7AE /* NSString+Size.m in Sources */,
			);
			runOnlyForDeploymentPostprocessing = 0;
		};
		7EA204AC174E001700F7C117 /* Sources */ = {
			isa = PBXSourcesBuildPhase;
			buildActionMask = 2147483647;
			files = (
				7EA204B3174E001700F7C117 /* main.c in Sources */,
			);
			runOnlyForDeploymentPostprocessing = 0;
		};
/* End PBXSourcesBuildPhase section */

/* Begin PBXTargetDependency section */
		7E27CF33175FE6F3005438E5 /* PBXTargetDependency */ = {
			isa = PBXTargetDependency;
			target = 7E27CF0E175FE500005438E5 /* CloverUpdater */;
			targetProxy = 7E27CF32175FE6F3005438E5 /* PBXContainerItemProxy */;
		};
		7EA204BA174E002000F7C117 /* PBXTargetDependency */ = {
			isa = PBXTargetDependency;
			target = 7EA204AF174E001700F7C117 /* getconfig */;
			targetProxy = 7EA204B9174E002000F7C117 /* PBXContainerItemProxy */;
		};
/* End PBXTargetDependency section */

/* Begin PBXVariantGroup section */
		7E1F574517475FCE00780A84 /* InfoPlist.strings */ = {
			isa = PBXVariantGroup;
			children = (
				7E1F574617475FCE00780A84 /* en */,
			);
			name = InfoPlist.strings;
			sourceTree = "<group>";
		};
		7E27CF18175FE500005438E5 /* InfoPlist.strings */ = {
			isa = PBXVariantGroup;
			children = (
				7E27CF19175FE500005438E5 /* en */,
			);
			name = InfoPlist.strings;
			sourceTree = "<group>";
		};
		7E27CF1E175FE500005438E5 /* Credits.rtf */ = {
			isa = PBXVariantGroup;
			children = (
				7E27CF1F175FE500005438E5 /* en */,
			);
			name = Credits.rtf;
			sourceTree = "<group>";
		};
		7E4A256C17434A5500E87EF8 /* InfoPlist.strings */ = {
			isa = PBXVariantGroup;
			children = (
				7E4A256D17434A5500E87EF8 /* en */,
			);
			name = InfoPlist.strings;
			sourceTree = "<group>";
		};
		7EF336E7176320BD002FE7AE /* Localizable.strings */ = {
			isa = PBXVariantGroup;
			children = (
				7EF336EE176322F5002FE7AE /* ru */,
				7EC2F2C11764E1C60022B337 /* en */,
			);
			name = Localizable.strings;
			sourceTree = "<group>";
		};
		7EF336F517633985002FE7AE /* Localizable.strings */ = {
			isa = PBXVariantGroup;
			children = (
				7EF336F417633985002FE7AE /* en */,
				7EF336F61763398A002FE7AE /* ru */,
			);
			name = Localizable.strings;
			sourceTree = "<group>";
		};
/* End PBXVariantGroup section */

/* Begin XCBuildConfiguration section */
		7E1F574C17475FCE00780A84 /* Debug */ = {
			isa = XCBuildConfiguration;
			buildSettings = {
				CLANG_ENABLE_OBJC_ARC = YES;
				COMBINE_HIDPI_IMAGES = YES;
				FRAMEWORK_SEARCH_PATHS = "\"$(DEVELOPER_LIBRARY_DIR)/Frameworks\"";
				GCC_PRECOMPILE_PREFIX_HEADER = YES;
				GCC_PREFIX_HEADER = "Test/Test-Prefix.pch";
				INFOPLIST_FILE = "Test/Test-Info.plist";
				MACOSX_DEPLOYMENT_TARGET = 10.8;
				PRODUCT_NAME = "$(TARGET_NAME)";
				WRAPPER_EXTENSION = octest;
			};
			name = Debug;
		};
		7E1F574D17475FCE00780A84 /* Release */ = {
			isa = XCBuildConfiguration;
			buildSettings = {
				CLANG_ENABLE_OBJC_ARC = YES;
				COMBINE_HIDPI_IMAGES = YES;
				FRAMEWORK_SEARCH_PATHS = "\"$(DEVELOPER_LIBRARY_DIR)/Frameworks\"";
				GCC_PRECOMPILE_PREFIX_HEADER = YES;
				GCC_PREFIX_HEADER = "Test/Test-Prefix.pch";
				INFOPLIST_FILE = "Test/Test-Info.plist";
				MACOSX_DEPLOYMENT_TARGET = 10.8;
				PRODUCT_NAME = "$(TARGET_NAME)";
				WRAPPER_EXTENSION = octest;
			};
			name = Release;
		};
		7E27CF28175FE500005438E5 /* Debug */ = {
			isa = XCBuildConfiguration;
			buildSettings = {
				CLANG_ENABLE_OBJC_ARC = YES;
				COMBINE_HIDPI_IMAGES = YES;
				GCC_PRECOMPILE_PREFIX_HEADER = YES;
				GCC_PREFIX_HEADER = "CloverUpdater/CloverUpdater-Prefix.pch";
				INFOPLIST_FILE = "CloverUpdater/CloverUpdater-Info.plist";
				PRODUCT_NAME = "$(TARGET_NAME)";
				WRAPPER_EXTENSION = app;
			};
			name = Debug;
		};
		7E27CF29175FE500005438E5 /* Release */ = {
			isa = XCBuildConfiguration;
			buildSettings = {
				CLANG_ENABLE_OBJC_ARC = YES;
				COMBINE_HIDPI_IMAGES = YES;
				DEBUG_INFORMATION_FORMAT = "dwarf-with-dsym";
				GCC_PRECOMPILE_PREFIX_HEADER = YES;
				GCC_PREFIX_HEADER = "CloverUpdater/CloverUpdater-Prefix.pch";
				INFOPLIST_FILE = "CloverUpdater/CloverUpdater-Info.plist";
				PRODUCT_NAME = "$(TARGET_NAME)";
				WRAPPER_EXTENSION = app;
			};
			name = Release;
		};
		7E4A257817434A5500E87EF8 /* Debug */ = {
			isa = XCBuildConfiguration;
			buildSettings = {
				ALWAYS_SEARCH_USER_PATHS = NO;
				ARCHS = "$(ARCHS_STANDARD_64_BIT)";
				CLANG_CXX_LANGUAGE_STANDARD = "gnu++0x";
				CLANG_CXX_LIBRARY = "libc++";
				CLANG_WARN_CONSTANT_CONVERSION = YES;
				CLANG_WARN_EMPTY_BODY = YES;
				CLANG_WARN_ENUM_CONVERSION = YES;
				CLANG_WARN_INT_CONVERSION = YES;
				CLANG_WARN__DUPLICATE_METHOD_MATCH = YES;
				CONFIGURATION_BUILD_DIR = Binaries;
				COPY_PHASE_STRIP = NO;
				GCC_C_LANGUAGE_STANDARD = gnu99;
				GCC_DYNAMIC_NO_PIC = NO;
				GCC_ENABLE_OBJC_EXCEPTIONS = YES;
				GCC_OPTIMIZATION_LEVEL = 0;
				GCC_PREPROCESSOR_DEFINITIONS = (
					"DEBUG=1",
					"$(inherited)",
				);
				GCC_SYMBOLS_PRIVATE_EXTERN = NO;
				GCC_WARN_64_TO_32_BIT_CONVERSION = YES;
				GCC_WARN_ABOUT_RETURN_TYPE = YES;
				GCC_WARN_UNINITIALIZED_AUTOS = YES;
				GCC_WARN_UNUSED_VARIABLE = YES;
				MACOSX_DEPLOYMENT_TARGET = 10.7;
				ONLY_ACTIVE_ARCH = YES;
				SDKROOT = macosx10.7;
				VALID_ARCHS = x86_64;
			};
			name = Debug;
		};
		7E4A257917434A5500E87EF8 /* Release */ = {
			isa = XCBuildConfiguration;
			buildSettings = {
				ALWAYS_SEARCH_USER_PATHS = NO;
				ARCHS = "$(ARCHS_STANDARD_64_BIT)";
				CLANG_CXX_LANGUAGE_STANDARD = "gnu++0x";
				CLANG_CXX_LIBRARY = "libc++";
				CLANG_WARN_CONSTANT_CONVERSION = YES;
				CLANG_WARN_EMPTY_BODY = YES;
				CLANG_WARN_ENUM_CONVERSION = YES;
				CLANG_WARN_INT_CONVERSION = YES;
				CLANG_WARN__DUPLICATE_METHOD_MATCH = YES;
				CONFIGURATION_BUILD_DIR = Binaries;
				COPY_PHASE_STRIP = YES;
				GCC_C_LANGUAGE_STANDARD = gnu99;
				GCC_ENABLE_OBJC_EXCEPTIONS = YES;
				GCC_WARN_64_TO_32_BIT_CONVERSION = YES;
				GCC_WARN_ABOUT_RETURN_TYPE = YES;
				GCC_WARN_UNINITIALIZED_AUTOS = YES;
				GCC_WARN_UNUSED_VARIABLE = YES;
				MACOSX_DEPLOYMENT_TARGET = 10.7;
				SDKROOT = macosx10.7;
				VALID_ARCHS = x86_64;
			};
			name = Release;
		};
		7E4A257B17434A5500E87EF8 /* Debug */ = {
			isa = XCBuildConfiguration;
			buildSettings = {
				CLANG_ENABLE_OBJC_ARC = YES;
				COMBINE_HIDPI_IMAGES = YES;
				GCC_PRECOMPILE_PREFIX_HEADER = YES;
				GCC_PREFIX_HEADER = "CloverPrefPane/CloverPrefs-Prefix.pch";
				INFOPLIST_FILE = "CloverPrefPane/CloverPrefs-Info.plist";
				INSTALL_PATH = "$(HOME)/Library/PreferencePanes";
				PRODUCT_NAME = "$(TARGET_NAME)";
				WRAPPER_EXTENSION = prefPane;
			};
			name = Debug;
		};
		7E4A257C17434A5500E87EF8 /* Release */ = {
			isa = XCBuildConfiguration;
			buildSettings = {
				CLANG_ENABLE_OBJC_ARC = YES;
				COMBINE_HIDPI_IMAGES = YES;
				GCC_PRECOMPILE_PREFIX_HEADER = YES;
				GCC_PREFIX_HEADER = "CloverPrefPane/CloverPrefs-Prefix.pch";
				INFOPLIST_FILE = "CloverPrefPane/CloverPrefs-Info.plist";
				INSTALL_PATH = "$(HOME)/Library/PreferencePanes";
				PRODUCT_NAME = "$(TARGET_NAME)";
				WRAPPER_EXTENSION = prefPane;
			};
			name = Release;
		};
		7EA204B7174E001700F7C117 /* Debug */ = {
			isa = XCBuildConfiguration;
			buildSettings = {
				PRODUCT_NAME = "$(TARGET_NAME)";
			};
			name = Debug;
		};
		7EA204B8174E001700F7C117 /* Release */ = {
			isa = XCBuildConfiguration;
			buildSettings = {
				PRODUCT_NAME = "$(TARGET_NAME)";
			};
			name = Release;
		};
/* End XCBuildConfiguration section */

/* Begin XCConfigurationList section */
		7E1F574E17475FCE00780A84 /* Build configuration list for PBXNativeTarget "Test" */ = {
			isa = XCConfigurationList;
			buildConfigurations = (
				7E1F574C17475FCE00780A84 /* Debug */,
				7E1F574D17475FCE00780A84 /* Release */,
			);
			defaultConfigurationIsVisible = 0;
			defaultConfigurationName = Release;
		};
		7E27CF27175FE500005438E5 /* Build configuration list for PBXNativeTarget "CloverUpdater" */ = {
			isa = XCConfigurationList;
			buildConfigurations = (
				7E27CF28175FE500005438E5 /* Debug */,
				7E27CF29175FE500005438E5 /* Release */,
			);
			defaultConfigurationIsVisible = 0;
			defaultConfigurationName = Release;
		};
		7E4A255717434A5500E87EF8 /* Build configuration list for PBXProject "CloverPrefs" */ = {
			isa = XCConfigurationList;
			buildConfigurations = (
				7E4A257817434A5500E87EF8 /* Debug */,
				7E4A257917434A5500E87EF8 /* Release */,
			);
			defaultConfigurationIsVisible = 0;
			defaultConfigurationName = Release;
		};
		7E4A257A17434A5500E87EF8 /* Build configuration list for PBXNativeTarget "Clover" */ = {
			isa = XCConfigurationList;
			buildConfigurations = (
				7E4A257B17434A5500E87EF8 /* Debug */,
				7E4A257C17434A5500E87EF8 /* Release */,
			);
			defaultConfigurationIsVisible = 0;
			defaultConfigurationName = Release;
		};
		7EA204B6174E001700F7C117 /* Build configuration list for PBXNativeTarget "getconfig" */ = {
			isa = XCConfigurationList;
			buildConfigurations = (
				7EA204B7174E001700F7C117 /* Debug */,
				7EA204B8174E001700F7C117 /* Release */,
			);
			defaultConfigurationIsVisible = 0;
			defaultConfigurationName = Release;
		};
/* End XCConfigurationList section */
	};
	rootObject = 7E4A255417434A5500E87EF8 /* Project object */;
}
